
Microsoft Visual Studio Solution File, Format Version 12.00
# Visual Studio 14
VisualStudioVersion = 14.0.23107.0
MinimumVisualStudioVersion = 10.0.40219.1
Project("{FAE04EC0-301F-11D3-BF4B-00C04F79EFBC}") = "IdentityServer.RazorViewEngine", "IdentityServer.RazorViewEngine\IdentityServer.RazorViewEngine.csproj", "{8A008717-78CD-45E0-8E7F-81B85D2DC0F6}"
EndProject
Project("{FAE04EC0-301F-11D3-BF4B-00C04F79EFBC}") = "IdentityServer.RazorViewEngine.Tests", "IdentityServer.RazorViewEngine.Tests\IdentityServer.RazorViewEngine.Tests.csproj", "{B8D4F96C-7120-49FE-80C6-622181360F26}"
EndProject
Global
	GlobalSection(SolutionConfigurationPlatforms) = preSolution
		Debug|Any CPU = Debug|Any CPU
		Release|Any CPU = Release|Any CPU
	EndGlobalSection
	GlobalSection(ProjectConfigurationPlatforms) = postSolution
		{8A008717-78CD-45E0-8E7F-81B85D2DC0F6}.Debug|Any CPU.ActiveCfg = Debug|Any CPU
		{8A008717-78CD-45E0-8E7F-81B85D2DC0F6}.Debug|Any CPU.Build.0 = Debug|Any CPU
		{8A008717-78CD-45E0-8E7F-81B85D2DC0F6}.Release|Any CPU.ActiveCfg = Release|Any CPU
		{8A008717-78CD-45E0-8E7F-81B85D2DC0F6}.Release|Any CPU.Build.0 = Release|Any CPU
		{B8D4F96C-7120-49FE-80C6-622181360F26}.Debug|Any CPU.ActiveCfg = Debug|Any CPU
		{B8D4F96C-7120-49FE-80C6-622181360F26}.Debug|Any CPU.Build.0 = Debug|Any CPU
		{B8D4F96C-7120-49FE-80C6-622181360F26}.Release|Any CPU.ActiveCfg = Release|Any CPU
		{B8D4F96C-7120-49FE-80C6-622181360F26}.Release|Any CPU.Build.0 = Release|Any CPU
	EndGlobalSection
	GlobalSection(SolutionProperties) = preSolution
		HideSolutionNode = FALSE
	EndGlobalSection
EndGlobal
